Microsoft Visual Studio Solution File, Format Version 12.00
# Visual Studio Version 17
VisualStudioVersion = 17.5.2.0
MinimumVisualStudioVersion = 10.0.40219.1
Project("{FAE04EC0-301F-11D3-BF4B-00C04F79EFBC}") = "VsExtensionsTool.Tests", "VsExtensionsTool.Tests\VsExtensionsTool.Tests.csproj", "{DDC9816A-246C-4EDB-BAB7-4AD7FD6F0D89}"
EndProject
Project("{FAE04EC0-301F-11D3-BF4B-00C04F79EFBC}") = "VsExtensionsTool", "VsExtensionsTool\VsExtensionsTool.csproj", "{EFEB2792-2909-4496-8930-69A2739CCFC9}"
EndProject
Project("{2150E333-8FDC-42A3-9474-1A3956D46DE8}") = "Scripts", "Scripts", "{C4AD9936-F0DF-1090-6077-3D4A6324E662}"
	ProjectSection(SolutionItems) = preProject
		clean.ps1 = clean.ps1
	EndProjectSection
EndProject
Project("{2150E333-8FDC-42A3-9474-1A3956D46DE8}") = "GitHub", "GitHub", "{A508EFC4-0EDB-31DF-620D-ECD3B3B4B781}"
	ProjectSection(SolutionItems) = preProject
		.github\workflows\build.yml = .github\workflows\build.yml
		.github\workflows\tests.yml = .github\workflows\tests.yml
	EndProjectSection
EndProject
Project("{2150E333-8FDC-42A3-9474-1A3956D46DE8}") = "Build", "Build", "{B1A1B1B1-0000-0000-0000-000000000001}"
	ProjectSection(SolutionItems) = preProject
		build\VsExtensionsTool.iss = build\VsExtensionsTool.iss
		build\innosetup-install.ps1 = build\innosetup-install.ps1
	EndProjectSection
EndProject
Global
	GlobalSection(SolutionConfigurationPlatforms) = preSolution
		Debug|Any CPU = Debug|Any CPU
		Debug|x64 = Debug|x64
		Debug|x86 = Debug|x86
		Release|Any CPU = Release|Any CPU
		Release|x64 = Release|x64
		Release|x86 = Release|x86
	EndGlobalSection
	GlobalSection(ProjectConfigurationPlatforms) = postSolution
		{DDC9816A-246C-4EDB-BAB7-4AD7FD6F0D89}.Debug|Any CPU.ActiveCfg = Debug|Any CPU
		{DDC9816A-246C-4EDB-BAB7-4AD7FD6F0D89}.Debug|Any CPU.Build.0 = Debug|Any CPU
		{DDC9816A-246C-4EDB-BAB7-4AD7FD6F0D89}.Debug|x64.ActiveCfg = Debug|Any CPU
		{DDC9816A-246C-4EDB-BAB7-4AD7FD6F0D89}.Debug|x64.Build.0 = Debug|Any CPU
		{DDC9816A-246C-4EDB-BAB7-4AD7FD6F0D89}.Debug|x86.ActiveCfg = Debug|Any CPU
		{DDC9816A-246C-4EDB-BAB7-4AD7FD6F0D89}.Debug|x86.Build.0 = Debug|Any CPU
		{DDC9816A-246C-4EDB-BAB7-4AD7FD6F0D89}.Release|Any CPU.ActiveCfg = Release|Any CPU
		{DDC9816A-246C-4EDB-BAB7-4AD7FD6F0D89}.Release|Any CPU.Build.0 = Release|Any CPU
		{DDC9816A-246C-4EDB-BAB7-4AD7FD6F0D89}.Release|x64.ActiveCfg = Release|Any CPU
		{DDC9816A-246C-4EDB-BAB7-4AD7FD6F0D89}.Release|x64.Build.0 = Release|Any CPU
		{DDC9816A-246C-4EDB-BAB7-4AD7FD6F0D89}.Release|x86.ActiveCfg = Release|Any CPU
		{DDC9816A-246C-4EDB-BAB7-4AD7FD6F0D89}.Release|x86.Build.0 = Release|Any CPU
		{EFEB2792-2909-4496-8930-69A2739CCFC9}.Debug|Any CPU.ActiveCfg = Debug|Any CPU
		{EFEB2792-2909-4496-8930-69A2739CCFC9}.Debug|Any CPU.Build.0 = Debug|Any CPU
		{EFEB2792-2909-4496-8930-69A2739CCFC9}.Debug|x64.ActiveCfg = Debug|Any CPU
		{EFEB2792-2909-4496-8930-69A2739CCFC9}.Debug|x64.Build.0 = Debug|Any CPU
		{EFEB2792-2909-4496-8930-69A2739CCFC9}.Debug|x86.ActiveCfg = Debug|Any CPU
		{EFEB2792-2909-4496-8930-69A2739CCFC9}.Debug|x86.Build.0 = Debug|Any CPU
		{EFEB2792-2909-4496-8930-69A2739CCFC9}.Release|Any CPU.ActiveCfg = Release|Any CPU
		{EFEB2792-2909-4496-8930-69A2739CCFC9}.Release|Any CPU.Build.0 = Release|Any CPU
		{EFEB2792-2909-4496-8930-69A2739CCFC9}.Release|x64.ActiveCfg = Release|Any CPU
		{EFEB2792-2909-4496-8930-69A2739CCFC9}.Release|x64.Build.0 = Release|Any CPU
		{EFEB2792-2909-4496-8930-69A2739CCFC9}.Release|x86.ActiveCfg = Release|Any CPU
		{EFEB2792-2909-4496-8930-69A2739CCFC9}.Release|x86.Build.0 = Release|Any CPU
	EndGlobalSection
	GlobalSection(SolutionProperties) = preSolution
		HideSolutionNode = FALSE
	EndGlobalSection
	GlobalSection(ExtensibilityGlobals) = postSolution
		SolutionGuid = {96EDE6DD-795C-4BF6-A3C0-B2EC6ADEF091}
	EndGlobalSection
EndGlobal
